
Microsoft Visual Studio Solution File, Format Version 12.00
# Visual Studio Version 16
VisualStudioVersion = 16.0.30114.105
MinimumVisualStudioVersion = 10.0.40219.1
Project("{FAE04EC0-301F-11D3-BF4B-00C04F79EFBC}") = "Takerman.School.Web", "Takerman.School\Takerman.School.Web.csproj", "{C7772FDF-B809-4DBA-B460-7D4A57B9EDD8}"
EndProject
Global
	GlobalSection(SolutionConfigurationPlatforms) = preSolution
		Debug|Any CPU = Debug|Any CPU
		Release|Any CPU = Release|Any CPU
	EndGlobalSection
	GlobalSection(ProjectConfigurationPlatforms) = postSolution
		{C7772FDF-B809-4DBA-B460-7D4A57B9EDD8}.Debug|Any CPU.ActiveCfg = Debug|Any CPU
		{C7772FDF-B809-4DBA-B460-7D4A57B9EDD8}.Debug|Any CPU.Build.0 = Debug|Any CPU
		{C7772FDF-B809-4DBA-B460-7D4A57B9EDD8}.Release|Any CPU.ActiveCfg = Release|Any CPU
		{C7772FDF-B809-4DBA-B460-7D4A57B9EDD8}.Release|Any CPU.Build.0 = Release|Any CPU
	EndGlobalSection
	GlobalSection(SolutionProperties) = preSolution
		HideSolutionNode = FALSE
	EndGlobalSection
	GlobalSection(ExtensibilityGlobals) = postSolution
		SolutionGuid = {2FD82958-5F82-4C88-8DFE-995BA27AE468}
	EndGlobalSection
EndGlobal
